# THIS IS AN AUTOGENERATED FILE. DO NOT EDIT THIS FILE DIRECTLY.
# yarn lockfile v1


"@mdit/helper@0.22.1":
  version "0.22.1"
  resolved "https://registry.yarnpkg.com/@mdit/helper/-/helper-0.22.1.tgz#8e3f6640d9bcfebf6019cf1c4fd7a8a2ee82257b"
  integrity sha512-lDpajcdAk84aYCNAM/Mi3djw38DJq7ocLw5VOSMu/u2YKX3/OD37a6Qb59in8Uyp4SiAbQoSHa8px6hgHEpB5g==
  dependencies:
    "@types/markdown-it" "^14.1.2"

"@mdit/plugin-align@^0.22.1":
  version "0.22.1"
  resolved "https://registry.yarnpkg.com/@mdit/plugin-align/-/plugin-align-0.22.1.tgz#541ce76d4bfedfa484907e554b00787c9acdd9f5"
  integrity sha512-KCI9Sa1TW25Th1QvEZUp1OnI5qOE82OeduWKeQ5CHsVIbW2WTyRZjLgxPO0kPWPw15gbSrLvWj4RC7cv+C5p6Q==
  dependencies:
    "@mdit/plugin-container" "0.22.1"
    "@types/markdown-it" "^14.1.2"

"@mdit/plugin-attrs@^0.23.1":
  version "0.23.1"
  resolved "https://registry.yarnpkg.com/@mdit/plugin-attrs/-/plugin-attrs-0.23.1.tgz#300ba9ff4e1b38decdc5b54eaabea7a3a8bdcf17"
  integrity sha512-KY05v0DIBMItOxoniyDxxtyYIiT+0JTQ2Ke0mzyCyvPplqCv4Avus7/uAZ3+IGcaI2oOTlYEHdU288VBFgXjAw==
  dependencies:
    "@mdit/helper" "0.22.1"
    "@types/markdown-it" "^14.1.2"

"@mdit/plugin-container@0.22.1":
  version "0.22.1"
  resolved "https://registry.yarnpkg.com/@mdit/plugin-container/-/plugin-container-0.22.1.tgz#9056911aeff5039904b3e93172e009309d55adcf"
  integrity sha512-UY1NRRb/Su9YxQerkCF8bWG0fY/V24b9f/jVWh5DhD+Dw4MifVbV6p5TlaeQ854Xz9prkhyXSugiWbjhju6BgQ==
  dependencies:
    "@types/markdown-it" "^14.1.2"

"@mdit/plugin-demo@^0.22.2":
  version "0.22.2"
  resolved "https://registry.yarnpkg.com/@mdit/plugin-demo/-/plugin-demo-0.22.2.tgz#1f176aaf383500fdb8d307e6b42d0123b0779d7a"
  integrity sha512-2V7C2ioftTz8mbUp+JEc8uQL0ffbopA4CihXobyQTctL/qrvL7/goqHBCXdC1Xy64KfWEhukHcuSdWARCv1Muw==
  dependencies:
    "@types/markdown-it" "^14.1.2"

"@mdit/plugin-dl@^0.22.1":
  version "0.22.1"
  resolved "https://registry.yarnpkg.com/@mdit/plugin-dl/-/plugin-dl-0.22.1.tgz#74f88c223973214e8375168faefb4f192b88fff4"
  integrity sha512-95KmM/8vGjpX+IPcSUno599CfteWJbBaV7aC4iM9nbnzlIvnwcq+D8fGq7B/YlUH4u0OaiCkx9ukBUOImNddKQ==
  dependencies:
    "@types/markdown-it" "^14.1.2"

"@mdit/plugin-embed@^0.22.1":
  version "0.22.1"
  resolved "https://registry.yarnpkg.com/@mdit/plugin-embed/-/plugin-embed-0.22.1.tgz#6aa9b035610a8e49024ef0c3cb6ba92b2797ec96"
  integrity sha512-3hOldwoZdsJFHy8m6d2/Za3cZchuX6wSsBcw/1tPzK2UmF+cXQW4CX6a/Zi/mGhqmKOdgmZ7Q5Q8rDkUkD1QEg==
  dependencies:
    "@types/markdown-it" "^14.1.2"

"@mdit/plugin-figure@^0.22.1":
  version "0.22.1"
  resolved "https://registry.yarnpkg.com/@mdit/plugin-figure/-/plugin-figure-0.22.1.tgz#1b8a9cbc655fb84db83e94d3ab8e95a20d45d6cf"
  integrity sha512-z7uqtKsQ/ILkdM4pLrfuvz2eAhtwNzRPT9xnixFosrMgF7CEHbBtFTF6nc2ht1mOqCTRqoIL+FWg8InYMiBPhQ==
  dependencies:
    "@types/markdown-it" "^14.1.2"

"@mdit/plugin-img-lazyload@^0.22.1":
  version "0.22.1"
  resolved "https://registry.yarnpkg.com/@mdit/plugin-img-lazyload/-/plugin-img-lazyload-0.22.1.tgz#3be61e6cc03a272aaaa9dfa7416f336ef0fd2742"
  integrity sha512-ombpBQqR1zYjtr4/7s8EvIVx/ymtiflWksXropYz81o0I9Bm9Os1UPuNgjwfT/DEhIit4HMaJhjpKhGkYrOKgA==
  dependencies:
    "@types/markdown-it" "^14.1.2"

"@mdit/plugin-img-size@^0.22.2":
  version "0.22.2"
  resolved "https://registry.yarnpkg.com/@mdit/plugin-img-size/-/plugin-img-size-0.22.2.tgz#92649e75dd21d22fc326dc0aff1e8eafd1ae26a9"
  integrity sha512-+2+HpV5wZ3ZvFAs2alOiftDO635UbbOTr9uRQ0LZi/1lIZzKa0GE8sxYmtAZXRkdbGCj1uN6puoT7Bc7fdBs7Q==
  dependencies:
    "@types/markdown-it" "^14.1.2"

"@mdit/plugin-include@^0.22.1":
  version "0.22.1"
  resolved "https://registry.yarnpkg.com/@mdit/plugin-include/-/plugin-include-0.22.1.tgz#214516f1eda4ecc9cacfb453137faa442e4616c5"
  integrity sha512-ylP4euox7PDH+Vg9XXuLwDIWpy/HHzeHaO+V8GEnu/QS8PgBEJ0981wLtIik53Fq8FdHgQ2rKRRhBaJ04GNUjQ==
  dependencies:
    "@mdit/helper" "0.22.1"
    "@types/markdown-it" "^14.1.2"
    upath "^2.0.1"

"@mdit/plugin-snippet@^0.22.2":
  version "0.22.2"
  resolved "https://registry.yarnpkg.com/@mdit/plugin-snippet/-/plugin-snippet-0.22.2.tgz#723de214e6f0652b6b46410c2ab213c827145e84"
  integrity sha512-j05Vk9IVsDxsXLl94q0UbFzvzhfkpidblu9zPBVfCVpEpEGADN2mitWfS4PpHtXklSq08l6DcYV3mnVAB/Bocg==
  dependencies:
    "@mdit/helper" "0.22.1"
    "@types/markdown-it" "^14.1.2"
    upath "^2.0.1"

"@mdit/plugin-spoiler@^0.22.1":
  version "0.22.1"
  resolved "https://registry.yarnpkg.com/@mdit/plugin-spoiler/-/plugin-spoiler-0.22.1.tgz#14d987ded92d354f182de39de45beabc04602a8b"
  integrity sha512-sk+timpOVDRlC1ShjsZ5f48eqXzJajZK1rMhtSe/ON+9ttxaXsvTPQzK1xhAE+fUrN9CzfFcDUgMAhOkTl9deg==
  dependencies:
    "@types/markdown-it" "^14.1.2"

"@mdit/plugin-stylize@^0.22.1":
  version "0.22.1"
  resolved "https://registry.yarnpkg.com/@mdit/plugin-stylize/-/plugin-stylize-0.22.1.tgz#c3a25ea197a1f0160b77188e58926fe0324a4549"
  integrity sha512-JEfLd9sVcoDZ8sI4iH+t8iOKA6QkQKYgaGIbNrjoc7j65bsAEFKu+Sh9VQy6il3xIwsDJcah+O57rzxEeDsscQ==
  dependencies:
    "@types/markdown-it" "^14.1.2"

"@mdit/plugin-tab@^0.22.2":
  version "0.22.2"
  resolved "https://registry.yarnpkg.com/@mdit/plugin-tab/-/plugin-tab-0.22.2.tgz#98043a0e9b1894babee9e54602c90a11671664f0"
  integrity sha512-3BbC3GTCiws2HsFG+BsXhuss6O90OLIvnBRrKP4IQtMIWlcEaxDf1nNvYYFt3sWipSGI4JuO3S7BxQ1dZkabKg==
  dependencies:
    "@mdit/helper" "0.22.1"
    "@types/markdown-it" "^14.1.2"

"@mdit/plugin-tasklist@^0.22.1":
  version "0.22.1"
  resolved "https://registry.yarnpkg.com/@mdit/plugin-tasklist/-/plugin-tasklist-0.22.1.tgz#0d6f538dd2750ce0984248958b736a662676ca90"
  integrity sha512-mn09Sm0fMV6ql3wb6TuoAai4gmnybvq09KeHa2ckBKKO/fwqVqCvOUI2yvZc3IrYMR+4B2WlBtyCBk5v11H9Uw==
  dependencies:
    "@types/markdown-it" "^14.1.2"

"@types/linkify-it@^5":
  version "5.0.0"
  resolved "https://registry.yarnpkg.com/@types/linkify-it/-/linkify-it-5.0.0.tgz#21413001973106cda1c3a9b91eedd4ccd5469d76"
  integrity sha512-sVDA58zAw4eWAffKOaQH5/5j3XeayukzDk+ewSsnv3p4yJEZHCCzMDiZM8e0OUrRvmpGZ85jf4yDHkHsgBNr9Q==

"@types/markdown-it@^14.1.2":
  version "14.1.2"
  resolved "https://registry.yarnpkg.com/@types/markdown-it/-/markdown-it-14.1.2.tgz#57f2532a0800067d9b934f3521429a2e8bfb4c61"
  integrity sha512-promo4eFwuiW+TfGxhi+0x3czqTYJkG8qB17ZUJiVF10Xm7NLVRSLUsfRTU/6h1e24VvRnXCx+hG7li58lkzog==
  dependencies:
    "@types/linkify-it" "^5"
    "@types/mdurl" "^2"

"@types/mdurl@^2":
  version "2.0.0"
  resolved "https://registry.yarnpkg.com/@types/mdurl/-/mdurl-2.0.0.tgz#d43878b5b20222682163ae6f897b20447233bdfd"
  integrity sha512-RGdgjQUZba5p6QEFAVx2OGb8rQDL/cPRG7GiedRzMcJ1tYnUANBncjbSB1NRGwbvjcPeikRABz2nshyPk1bhWg==

argparse@^2.0.1:
  version "2.0.1"
  resolved "https://registry.yarnpkg.com/argparse/-/argparse-2.0.1.tgz#246f50f3ca78a3240f6c997e8a9bd1eac49e4b38"
  integrity sha512-8+9WqebbFzpX9OR+Wa6O29asIogeRMzcGtAINdpMHHyAg10f05aSFVBbcEqGf/PXw1EjAZ+q2/bEBg3DvurK3Q==

entities@^4.4.0:
  version "4.5.0"
  resolved "https://registry.yarnpkg.com/entities/-/entities-4.5.0.tgz#5d268ea5e7113ec74c4d033b79ea5a35a488fb48"
  integrity sha512-V0hjH4dGPh9Ao5p0MoRY6BVqtwCjhz6vI5LT8AJ55H+4g9/4vbHx1I54fS0XuclLhDHArPQCiMjDxjaL8fPxhw==

linkify-it@^5.0.0:
  version "5.0.0"
  resolved "https://registry.yarnpkg.com/linkify-it/-/linkify-it-5.0.0.tgz#9ef238bfa6dc70bd8e7f9572b52d369af569b421"
  integrity sha512-5aHCbzQRADcdP+ATqnDuhhJ/MRIqDkZX5pyjFHRRysS8vZ5AbqGEoFIb6pYHPZ+L/OC2Lc+xT8uHVVR5CAK/wQ==
  dependencies:
    uc.micro "^2.0.0"

markdown-it-anchor@^9.2.0:
  version "9.2.0"
  resolved "https://registry.yarnpkg.com/markdown-it-anchor/-/markdown-it-anchor-9.2.0.tgz#89375d9a2a79336403ab7c4fd36b1965cc45e5c8"
  integrity sha512-sa2ErMQ6kKOA4l31gLGYliFQrMKkqSO0ZJgGhDHKijPf0pNFM9vghjAh3gn26pS4JDRs7Iwa9S36gxm3vgZTzg==

markdown-it@^14.1.0:
  version "14.1.0"
  resolved "https://registry.yarnpkg.com/markdown-it/-/markdown-it-14.1.0.tgz#3c3c5992883c633db4714ccb4d7b5935d98b7d45"
  integrity sha512-a54IwgWPaeBCAAsv13YgmALOF1elABB08FxO9i+r4VFk5Vl4pKokRPeX8u5TCgSsPi6ec1otfLjdOpVcgbpshg==
  dependencies:
    argparse "^2.0.1"
    entities "^4.4.0"
    linkify-it "^5.0.0"
    mdurl "^2.0.0"
    punycode.js "^2.3.1"
    uc.micro "^2.1.0"

mdurl@^2.0.0:
  version "2.0.0"
  resolved "https://registry.yarnpkg.com/mdurl/-/mdurl-2.0.0.tgz#80676ec0433025dd3e17ee983d0fe8de5a2237e0"
  integrity sha512-Lf+9+2r+Tdp5wXDXC4PcIBjTDtq4UKjCPMQhKIuzpJNW0b96kVqSwW0bT7FhRSfmAiFYgP+SCRvdrDozfh0U5w==

punycode.js@^2.3.1:
  version "2.3.1"
  resolved "https://registry.yarnpkg.com/punycode.js/-/punycode.js-2.3.1.tgz#6b53e56ad75588234e79f4affa90972c7dd8cdb7"
  integrity sha512-uxFIHU0YlHYhDQtV4R9J6a52SLx28BCjT+4ieh7IGbgwVJWO+km431c4yRlREUAsAmt/uMjQUyQHNEPf0M39CA==

uc.micro@^2.0.0, uc.micro@^2.1.0:
  version "2.1.0"
  resolved "https://registry.yarnpkg.com/uc.micro/-/uc.micro-2.1.0.tgz#f8d3f7d0ec4c3dea35a7e3c8efa4cb8b45c9e7ee"
  integrity sha512-ARDJmphmdvUk6Glw7y9DQ2bFkKBHwQHLi2lsaH6PPmz/Ka9sFOBsBluozhDltWmnv9u/cF6Rt87znRTPV+yp/A==

upath@^2.0.1:
  version "2.0.1"
  resolved "https://registry.yarnpkg.com/upath/-/upath-2.0.1.tgz#50c73dea68d6f6b990f51d279ce6081665d61a8b"
  integrity sha512-1uEe95xksV1O0CYKXo8vQvN1JEbtJp7lb7C5U9HMsIp6IVwntkH/oNUzyVNQSd4S1sYk2FpSSW44FqMc8qee5w==
